
Microsoft Visual Studio Solution File, Format Version 12.00
# Visual Studio Version 16
VisualStudioVersion = 16.0.30011.22
MinimumVisualStudioVersion = 10.0.40219.1
Project("{9A19103F-16F7-4668-BE54-9A1E7A4F7556}") = "TaskManager", "TaskManager\TaskManager.csproj", "{C4E4E34C-D437-41A5-8656-A797C0102C60}"
EndProject
Project("{FAE04EC0-301F-11D3-BF4B-00C04F79EFBC}") = "TaskManager.UnitTests", "TaskManager.UnitTests\TaskManager.UnitTests.csproj", "{A26A9E1E-96BC-4619-B771-73ACABFEEB5B}"
EndProject
Global
	GlobalSection(SolutionConfigurationPlatforms) = preSolution
		Debug|Any CPU = Debug|Any CPU
		Release|Any CPU = Release|Any CPU
	EndGlobalSection
	GlobalSection(ProjectConfigurationPlatforms) = postSolution
		{C4E4E34C-D437-41A5-8656-A797C0102C60}.Debug|Any CPU.ActiveCfg = Debug|Any CPU
		{C4E4E34C-D437-41A5-8656-A797C0102C60}.Debug|Any CPU.Build.0 = Debug|Any CPU
		{C4E4E34C-D437-41A5-8656-A797C0102C60}.Release|Any CPU.ActiveCfg = Release|Any CPU
		{C4E4E34C-D437-41A5-8656-A797C0102C60}.Release|Any CPU.Build.0 = Release|Any CPU
		{A26A9E1E-96BC-4619-B771-73ACABFEEB5B}.Debug|Any CPU.ActiveCfg = Debug|Any CPU
		{A26A9E1E-96BC-4619-B771-73ACABFEEB5B}.Debug|Any CPU.Build.0 = Debug|Any CPU
		{A26A9E1E-96BC-4619-B771-73ACABFEEB5B}.Release|Any CPU.ActiveCfg = Release|Any CPU
		{A26A9E1E-96BC-4619-B771-73ACABFEEB5B}.Release|Any CPU.Build.0 = Release|Any CPU
	EndGlobalSection
	GlobalSection(SolutionProperties) = preSolution
		HideSolutionNode = FALSE
	EndGlobalSection
	GlobalSection(ExtensibilityGlobals) = postSolution
		SolutionGuid = {2E56DA4B-7CCA-4B5D-88A4-75F21FA6EF2B}
	EndGlobalSection
EndGlobal
